{
  "requires": true,
  "lockfileVersion": 1,
  "dependencies": {
    "@primer/octicons": {
      "version": "12.1.0",
      "resolved": "https://registry.npmjs.org/@primer/octicons/-/octicons-12.1.0.tgz",
      "integrity": "sha512-jayKLMTCx/0zh4fjYmkxdlEgQ8STwevn5S48fkvi/03asITmBkaYAMPrUgO8VNSQkSPHIEuc3oTLXgh+JwH0UQ==",
      "requires": {
        "object-assign": "^4.1.1"
      }
    },
    "object-assign": {
      "version": "4.1.1",
      "resolved": "https://registry.npmjs.org/object-assign/-/object-assign-4.1.1.tgz",
      "integrity": "sha1-IQmtx5ZYh8/AXLvUQsrIv7s2CGM="
    }
  }
}
